
Microsoft Visual Studio Solution File, Format Version 12.00
# Visual Studio Version 16
VisualStudioVersion = 16.0.29920.165
MinimumVisualStudioVersion = 10.0.40219.1
Project("{8BC9CEB8-8B4A-11D0-8D11-00A0C91BC942}") = "LR1_1", "LR1_1\LR1_1.vcxproj", "{4FFD158F-6E6A-48DB-9B9A-70EDE09A7AF3}"
EndProject
Project("{8BC9CEB8-8B4A-11D0-8D11-00A0C91BC942}") = "LR1_2", "LR1_2\LR1_2.vcxproj", "{98946A0F-B601-441A-A586-CA9698646424}"
EndProject
Project("{8BC9CEB8-8B4A-11D0-8D11-00A0C91BC942}") = "LR1_3", "LR1_3\LR1_3.vcxproj", "{D1595F7B-DD70-4DC0-881B-591B7744D9BB}"
EndProject
Project("{8BC9CEB8-8B4A-11D0-8D11-00A0C91BC942}") = "LR1_4", "LR1_4\LR1_4.vcxproj", "{C4EC9448-519C-4395-A24F-7B1C4E38DDB4}"
EndProject
Project("{8BC9CEB8-8B4A-11D0-8D11-00A0C91BC942}") = "LR1_5", "LR1_5\LR1_5.vcxproj", "{3C48CA55-037B-481D-8458-B00C0E0AA5AA}"
EndProject
Project("{8BC9CEB8-8B4A-11D0-8D11-00A0C91BC942}") = "LR2_1", "LR2_1\LR2_1.vcxproj", "{461049CE-E703-4F5B-BE66-AD00E07B4A9F}"
EndProject
Project("{8BC9CEB8-8B4A-11D0-8D11-00A0C91BC942}") = "LR2_2", "LR2_2\LR2_2.vcxproj", "{4FEED606-3D89-490E-95FC-FA416F731F3B}"
EndProject
Project("{8BC9CEB8-8B4A-11D0-8D11-00A0C91BC942}") = "LR2_3a", "LR2_3a\LR2_3a.vcxproj", "{96E6BB68-6884-4A0F-988A-97752CF11F8A}"
EndProject
Project("{8BC9CEB8-8B4A-11D0-8D11-00A0C91BC942}") = "LR2_3b", "LR2_3b\LR2_3b.vcxproj", "{14C87830-44E3-4193-918D-90C180399EDA}"
EndProject
Project("{8BC9CEB8-8B4A-11D0-8D11-00A0C91BC942}") = "LR2_4", "LR2_4\LR2_4.vcxproj", "{AA068D62-5A9C-447C-9299-326285D10F65}"
EndProject
Project("{8BC9CEB8-8B4A-11D0-8D11-00A0C91BC942}") = "LR3", "LR3\LR3.vcxproj", "{DCBAB9E2-DDA2-432F-A726-7654B9E8864C}"
EndProject
Global
	GlobalSection(SolutionConfigurationPlatforms) = preSolution
		Debug|x64 = Debug|x64
		Debug|x86 = Debug|x86
		Release|x64 = Release|x64
		Release|x86 = Release|x86
	EndGlobalSection
	GlobalSection(ProjectConfigurationPlatforms) = postSolution
		{4FFD158F-6E6A-48DB-9B9A-70EDE09A7AF3}.Debug|x64.ActiveCfg = Debug|x64
		{4FFD158F-6E6A-48DB-9B9A-70EDE09A7AF3}.Debug|x64.Build.0 = Debug|x64
		{4FFD158F-6E6A-48DB-9B9A-70EDE09A7AF3}.Debug|x86.ActiveCfg = Debug|Win32
		{4FFD158F-6E6A-48DB-9B9A-70EDE09A7AF3}.Debug|x86.Build.0 = Debug|Win32
		{4FFD158F-6E6A-48DB-9B9A-70EDE09A7AF3}.Release|x64.ActiveCfg = Release|x64
		{4FFD158F-6E6A-48DB-9B9A-70EDE09A7AF3}.Release|x64.Build.0 = Release|x64
		{4FFD158F-6E6A-48DB-9B9A-70EDE09A7AF3}.Release|x86.ActiveCfg = Release|Win32
		{4FFD158F-6E6A-48DB-9B9A-70EDE09A7AF3}.Release|x86.Build.0 = Release|Win32
		{98946A0F-B601-441A-A586-CA9698646424}.Debug|x64.ActiveCfg = Debug|x64
		{98946A0F-B601-441A-A586-CA9698646424}.Debug|x64.Build.0 = Debug|x64
		{98946A0F-B601-441A-A586-CA9698646424}.Debug|x86.ActiveCfg = Debug|Win32
		{98946A0F-B601-441A-A586-CA9698646424}.Debug|x86.Build.0 = Debug|Win32
		{98946A0F-B601-441A-A586-CA9698646424}.Release|x64.ActiveCfg = Release|x64
		{98946A0F-B601-441A-A586-CA9698646424}.Release|x64.Build.0 = Release|x64
		{98946A0F-B601-441A-A586-CA9698646424}.Release|x86.ActiveCfg = Release|Win32
		{98946A0F-B601-441A-A586-CA9698646424}.Release|x86.Build.0 = Release|Win32
		{D1595F7B-DD70-4DC0-881B-591B7744D9BB}.Debug|x64.ActiveCfg = Debug|x64
		{D1595F7B-DD70-4DC0-881B-591B7744D9BB}.Debug|x64.Build.0 = Debug|x64
		{D1595F7B-DD70-4DC0-881B-591B7744D9BB}.Debug|x86.ActiveCfg = Debug|Win32
		{D1595F7B-DD70-4DC0-881B-591B7744D9BB}.Debug|x86.Build.0 = Debug|Win32
		{D1595F7B-DD70-4DC0-881B-591B7744D9BB}.Release|x64.ActiveCfg = Release|x64
		{D1595F7B-DD70-4DC0-881B-591B7744D9BB}.Release|x64.Build.0 = Release|x64
		{D1595F7B-DD70-4DC0-881B-591B7744D9BB}.Release|x86.ActiveCfg = Release|Win32
		{D1595F7B-DD70-4DC0-881B-591B7744D9BB}.Release|x86.Build.0 = Release|Win32
		{C4EC9448-519C-4395-A24F-7B1C4E38DDB4}.Debug|x64.ActiveCfg = Debug|x64
		{C4EC9448-519C-4395-A24F-7B1C4E38DDB4}.Debug|x64.Build.0 = Debug|x64
		{C4EC9448-519C-4395-A24F-7B1C4E38DDB4}.Debug|x86.ActiveCfg = Debug|Win32
		{C4EC9448-519C-4395-A24F-7B1C4E38DDB4}.Debug|x86.Build.0 = Debug|Win32
		{C4EC9448-519C-4395-A24F-7B1C4E38DDB4}.Release|x64.ActiveCfg = Release|x64
		{C4EC9448-519C-4395-A24F-7B1C4E38DDB4}.Release|x64.Build.0 = Release|x64
		{C4EC9448-519C-4395-A24F-7B1C4E38DDB4}.Release|x86.ActiveCfg = Release|Win32
		{C4EC9448-519C-4395-A24F-7B1C4E38DDB4}.Release|x86.Build.0 = Release|Win32
		{3C48CA55-037B-481D-8458-B00C0E0AA5AA}.Debug|x64.ActiveCfg = Debug|x64
		{3C48CA55-037B-481D-8458-B00C0E0AA5AA}.Debug|x64.Build.0 = Debug|x64
		{3C48CA55-037B-481D-8458-B00C0E0AA5AA}.Debug|x86.ActiveCfg = Debug|Win32
		{3C48CA55-037B-481D-8458-B00C0E0AA5AA}.Debug|x86.Build.0 = Debug|Win32
		{3C48CA55-037B-481D-8458-B00C0E0AA5AA}.Release|x64.ActiveCfg = Release|x64
		{3C48CA55-037B-481D-8458-B00C0E0AA5AA}.Release|x64.Build.0 = Release|x64
		{3C48CA55-037B-481D-8458-B00C0E0AA5AA}.Release|x86.ActiveCfg = Release|Win32
		{3C48CA55-037B-481D-8458-B00C0E0AA5AA}.Release|x86.Build.0 = Release|Win32
		{461049CE-E703-4F5B-BE66-AD00E07B4A9F}.Debug|x64.ActiveCfg = Debug|x64
		{461049CE-E703-4F5B-BE66-AD00E07B4A9F}.Debug|x64.Build.0 = Debug|x64
		{461049CE-E703-4F5B-BE66-AD00E07B4A9F}.Debug|x86.ActiveCfg = Debug|Win32
		{461049CE-E703-4F5B-BE66-AD00E07B4A9F}.Debug|x86.Build.0 = Debug|Win32
		{461049CE-E703-4F5B-BE66-AD00E07B4A9F}.Release|x64.ActiveCfg = Release|x64
		{461049CE-E703-4F5B-BE66-AD00E07B4A9F}.Release|x64.Build.0 = Release|x64
		{461049CE-E703-4F5B-BE66-AD00E07B4A9F}.Release|x86.ActiveCfg = Release|Win32
		{461049CE-E703-4F5B-BE66-AD00E07B4A9F}.Release|x86.Build.0 = Release|Win32
		{4FEED606-3D89-490E-95FC-FA416F731F3B}.Debug|x64.ActiveCfg = Debug|x64
		{4FEED606-3D89-490E-95FC-FA416F731F3B}.Debug|x64.Build.0 = Debug|x64
		{4FEED606-3D89-490E-95FC-FA416F731F3B}.Debug|x86.ActiveCfg = Debug|Win32
		{4FEED606-3D89-490E-95FC-FA416F731F3B}.Debug|x86.Build.0 = Debug|Win32
		{4FEED606-3D89-490E-95FC-FA416F731F3B}.Release|x64.ActiveCfg = Release|x64
		{4FEED606-3D89-490E-95FC-FA416F731F3B}.Release|x64.Build.0 = Release|x64
		{4FEED606-3D89-490E-95FC-FA416F731F3B}.Release|x86.ActiveCfg = Release|Win32
		{4FEED606-3D89-490E-95FC-FA416F731F3B}.Release|x86.Build.0 = Release|Win32
		{96E6BB68-6884-4A0F-988A-97752CF11F8A}.Debug|x64.ActiveCfg = Debug|x64
		{96E6BB68-6884-4A0F-988A-97752CF11F8A}.Debug|x64.Build.0 = Debug|x64
		{96E6BB68-6884-4A0F-988A-97752CF11F8A}.Debug|x86.ActiveCfg = Debug|Win32
		{96E6BB68-6884-4A0F-988A-97752CF11F8A}.Debug|x86.Build.0 = Debug|Win32
		{96E6BB68-6884-4A0F-988A-97752CF11F8A}.Release|x64.ActiveCfg = Release|x64
		{96E6BB68-6884-4A0F-988A-97752CF11F8A}.Release|x64.Build.0 = Release|x64
		{96E6BB68-6884-4A0F-988A-97752CF11F8A}.Release|x86.ActiveCfg = Release|Win32
		{96E6BB68-6884-4A0F-988A-97752CF11F8A}.Release|x86.Build.0 = Release|Win32
		{14C87830-44E3-4193-918D-90C180399EDA}.Debug|x64.ActiveCfg = Debug|x64
		{14C87830-44E3-4193-918D-90C180399EDA}.Debug|x64.Build.0 = Debug|x64
		{14C87830-44E3-4193-918D-90C180399EDA}.Debug|x86.ActiveCfg = Debug|Win32
		{14C87830-44E3-4193-918D-90C180399EDA}.Debug|x86.Build.0 = Debug|Win32
		{14C87830-44E3-4193-918D-90C180399EDA}.Release|x64.ActiveCfg = Release|x64
		{14C87830-44E3-4193-918D-90C180399EDA}.Release|x64.Build.0 = Release|x64
		{14C87830-44E3-4193-918D-90C180399EDA}.Release|x86.ActiveCfg = Release|Win32
		{14C87830-44E3-4193-918D-90C180399EDA}.Release|x86.Build.0 = Release|Win32
		{AA068D62-5A9C-447C-9299-326285D10F65}.Debug|x64.ActiveCfg = Debug|x64
		{AA068D62-5A9C-447C-9299-326285D10F65}.Debug|x64.Build.0 = Debug|x64
		{AA068D62-5A9C-447C-9299-326285D10F65}.Debug|x86.ActiveCfg = Debug|Win32
		{AA068D62-5A9C-447C-9299-326285D10F65}.Debug|x86.Build.0 = Debug|Win32
		{AA068D62-5A9C-447C-9299-326285D10F65}.Release|x64.ActiveCfg = Release|x64
		{AA068D62-5A9C-447C-9299-326285D10F65}.Release|x64.Build.0 = Release|x64
		{AA068D62-5A9C-447C-9299-326285D10F65}.Release|x86.ActiveCfg = Release|Win32
		{AA068D62-5A9C-447C-9299-326285D10F65}.Release|x86.Build.0 = Release|Win32
		{DCBAB9E2-DDA2-432F-A726-7654B9E8864C}.Debug|x64.ActiveCfg = Debug|x64
		{DCBAB9E2-DDA2-432F-A726-7654B9E8864C}.Debug|x64.Build.0 = Debug|x64
		{DCBAB9E2-DDA2-432F-A726-7654B9E8864C}.Debug|x86.ActiveCfg = Debug|Win32
		{DCBAB9E2-DDA2-432F-A726-7654B9E8864C}.Debug|x86.Build.0 = Debug|Win32
		{DCBAB9E2-DDA2-432F-A726-7654B9E8864C}.Release|x64.ActiveCfg = Release|x64
		{DCBAB9E2-DDA2-432F-A726-7654B9E8864C}.Release|x64.Build.0 = Release|x64
		{DCBAB9E2-DDA2-432F-A726-7654B9E8864C}.Release|x86.ActiveCfg = Release|Win32
		{DCBAB9E2-DDA2-432F-A726-7654B9E8864C}.Release|x86.Build.0 = Release|Win32
	EndGlobalSection
	GlobalSection(SolutionProperties) = preSolution
		HideSolutionNode = FALSE
	EndGlobalSection
	GlobalSection(ExtensibilityGlobals) = postSolution
		SolutionGuid = {41AFED62-15DD-46D2-98B9-7D4A8F0ABB3C}
	EndGlobalSection
EndGlobal
